
Microsoft Visual Studio Solution File, Format Version 12.00
# Visual Studio Version 17
VisualStudioVersion = 17.7.34221.43
MinimumVisualStudioVersion = 10.0.40219.1
Project("{FAE04EC0-301F-11D3-BF4B-00C04F79EFBC}") = "Program", "Program\Program.csproj", "{4C89943E-77F7-4AF0-97A4-D0F648480527}"
EndProject
Global
	GlobalSection(SolutionConfigurationPlatforms) = preSolution
		Debug|Any CPU = Debug|Any CPU
		Release|Any CPU = Release|Any CPU
	EndGlobalSection
	GlobalSection(ProjectConfigurationPlatforms) = postSolution
		{4C89943E-77F7-4AF0-97A4-D0F648480527}.Debug|Any CPU.ActiveCfg = Debug|Any CPU
		{4C89943E-77F7-4AF0-97A4-D0F648480527}.Debug|Any CPU.Build.0 = Debug|Any CPU
		{4C89943E-77F7-4AF0-97A4-D0F648480527}.Release|Any CPU.ActiveCfg = Release|Any CPU
		{4C89943E-77F7-4AF0-97A4-D0F648480527}.Release|Any CPU.Build.0 = Release|Any CPU
	EndGlobalSection
	GlobalSection(SolutionProperties) = preSolution
		HideSolutionNode = FALSE
	EndGlobalSection
	GlobalSection(ExtensibilityGlobals) = postSolution
		SolutionGuid = {6ABB645C-71A5-4E9C-8309-454224BAA68F}
	EndGlobalSection
EndGlobal
